// !$*UTF8*$!
{
	archiveVersion = 1;
	classes = {
	};
	objectVersion = 46;
	objects = {

/* Begin PBXBuildFile section */
		78370A92197A80010090741A /* Foundation.framework in Frameworks */ = {isa = PBXBuildFile; fileRef = 78370A91197A80010090741A /* Foundation.framework */; };
		78370A94197A80010090741A /* CoreGraphics.framework in Frameworks */ = {isa = PBXBuildFile; fileRef = 78370A93197A80010090741A /* CoreGraphics.framework */; };
		78370A96197A80010090741A /* UIKit.framework in Frameworks */ = {isa = PBXBuildFile; fileRef = 78370A95197A80010090741A /* UIKit.framework */; };
		78370A9C197A80010090741A /* InfoPlist.strings in Resources */ = {isa = PBXBuildFile; fileRef = 78370A9A197A80010090741A /* InfoPlist.strings */; };
		78370A9E197A80010090741A /* main.m in Sources */ = {isa = PBXBuildFile; fileRef = 78370A9D197A80010090741A /* main.m */; };
		78370AA2197A80010090741A /* AppDelegate.m in Sources */ = {isa = PBXBuildFile; fileRef = 78370AA1197A80010090741A /* AppDelegate.m */; };
		78370AA5197A80010090741A /* Main.storyboard in Resources */ = {isa = PBXBuildFile; fileRef = 78370AA3197A80010090741A /* Main.storyboard */; };
		78370AA8197A80010090741A /* ViewController.m in Sources */ = {isa = PBXBuildFile; fileRef = 78370AA7197A80010090741A /* ViewController.m */; };
		78370AAA197A80010090741A /* Images.xcassets in Resources */ = {isa = PBXBuildFile; fileRef = 78370AA9197A80010090741A /* Images.xcassets */; };
		78370AB1197A80010090741A /* XCTest.framework in Frameworks */ = {isa = PBXBuildFile; fileRef = 78370AB0197A80010090741A /* XCTest.framework */; };
		78370AB2197A80010090741A /* Foundation.framework in Frameworks */ = {isa = PBXBuildFile; fileRef = 78370A91197A80010090741A /* Foundation.framework */; };
		78370AB3197A80010090741A /* UIKit.framework in Frameworks */ = {isa = PBXBuildFile; fileRef = 78370A95197A80010090741A /* UIKit.framework */; };
		78370ABB197A80010090741A /* InfoPlist.strings in Resources */ = {isa = PBXBuildFile; fileRef = 78370AB9197A80010090741A /* InfoPlist.strings */; };
		78370ABD197A80010090741A /* BlustrickLevelsTests.m in Sources */ = {isa = PBXBuildFile; fileRef = 78370ABC197A80010090741A /* BlustrickLevelsTests.m */; };
		78370AD0197A82750090741A /* broken_brick.png in Resources */ = {isa = PBXBuildFile; fileRef = 78370AC6197A82750090741A /* broken_brick.png */; };
		78370AD1197A82750090741A /* broken_brick@2x.png in Resources */ = {isa = PBXBuildFile; fileRef = 78370AC7197A82750090741A /* broken_brick@2x.png */; };
		78370AD2197A82750090741A /* metal_brick.png in Resources */ = {isa = PBXBuildFile; fileRef = 78370AC8197A82750090741A /* metal_brick.png */; };
		78370AD3197A82750090741A /* metal_brick@2x.png in Resources */ = {isa = PBXBuildFile; fileRef = 78370AC9197A82750090741A /* metal_brick@2x.png */; };
		78370AD4197A82750090741A /* glass_brick.png in Resources */ = {isa = PBXBuildFile; fileRef = 78370ACA197A82750090741A /* glass_brick.png */; };
		78370AD5197A82750090741A /* glass_brick@2x.png in Resources */ = {isa = PBXBuildFile; fileRef = 78370ACB197A82750090741A /* glass_brick@2x.png */; };
		78370AD6197A82750090741A /* bold_brick.png in Resources */ = {isa = PBXBuildFile; fileRef = 78370ACC197A82750090741A /* bold_brick.png */; };
		78370AD7197A82750090741A /* bold_brick@2x.png in Resources */ = {isa = PBXBuildFile; fileRef = 78370ACD197A82750090741A /* bold_brick@2x.png */; };
		78370AD8197A82750090741A /* normal_brick.png in Resources */ = {isa = PBXBuildFile; fileRef = 78370ACE197A82750090741A /* normal_brick.png */; };
		78370AD9197A82750090741A /* normal_brick@2x.png in Resources */ = {isa = PBXBuildFile; fileRef = 78370ACF197A82750090741A /* normal_brick@2x.png */; };
/* End PBXBuildFile section */

/* Begin PBXContainerItemProxy section */
		78370AB4197A80010090741A /* PBXContainerItemProxy */ = {
			isa = PBXContainerItemProxy;
			containerPortal = 78370A86197A80010090741A /* Project object */;
			proxyType = 1;
			remoteGlobalIDString = 78370A8D197A80010090741A;
			remoteInfo = BlustrickLevels;
		};
/* End PBXContainerItemProxy section */

/* Begin PBXFileReference section */
		78370A8E197A80010090741A /* BlustrickLevels.app */ = {isa = PBXFileReference; explicitFileType = wrapper.application; includeInIndex = 0; path = BlustrickLevels.app; sourceTree = BUILT_PRODUCTS_DIR; };
		78370A91197A80010090741A /* Foundation.framework */ = {isa = PBXFileReference; lastKnownFileType = wrapper.framework; name = Foundation.framework; path = System/Library/Frameworks/Foundation.framework; sourceTree = SDKROOT; };
		78370A93197A80010090741A /* CoreGraphics.framework */ = {isa = PBXFileReference; lastKnownFileType = wrapper.framework; name = CoreGraphics.framework; path = System/Library/Frameworks/CoreGraphics.framework; sourceTree = SDKROOT; };
		78370A95197A80010090741A /* UIKit.framework */ = {isa = PBXFileReference; lastKnownFileType = wrapper.framework; name = UIKit.framework; path = System/Library/Frameworks/UIKit.framework; sourceTree = SDKROOT; };
		78370A99197A80010090741A /* BlustrickLevels-Info.plist */ = {isa = PBXFileReference; lastKnownFileType = text.plist.xml; path = "BlustrickLevels-Info.plist"; sourceTree = "<group>"; };
		78370A9B197A80010090741A /* en */ = {isa = PBXFileReference; lastKnownFileType = text.plist.strings; name = en; path = en.lproj/InfoPlist.strings; sourceTree = "<group>"; };
		78370A9D197A80010090741A /* main.m */ = {isa = PBXFileReference; lastKnownFileType = sourcecode.c.objc; path = main.m; sourceTree = "<group>"; };
		78370A9F197A80010090741A /* BlustrickLevels-Prefix.pch */ = {isa = PBXFileReference; lastKnownFileType = sourcecode.c.h; path = "BlustrickLevels-Prefix.pch"; sourceTree = "<group>"; };
		78370AA0197A80010090741A /* AppDelegate.h */ = {isa = PBXFileReference; lastKnownFileType = sourcecode.c.h; path = AppDelegate.h; sourceTree = "<group>"; };
		78370AA1197A80010090741A /* AppDelegate.m */ = {isa = PBXFileReference; lastKnownFileType = sourcecode.c.objc; path = AppDelegate.m; sourceTree = "<group>"; };
		78370AA4197A80010090741A /* Base */ = {isa = PBXFileReference; lastKnownFileType = file.storyboard; name = Base; path = Base.lproj/Main.storyboard; sourceTree = "<group>"; };
		78370AA6197A80010090741A /* ViewController.h */ = {isa = PBXFileReference; lastKnownFileType = sourcecode.c.h; path = ViewController.h; sourceTree = "<group>"; };
		78370AA7197A80010090741A /* ViewController.m */ = {isa = PBXFileReference; lastKnownFileType = sourcecode.c.objc; path = ViewController.m; sourceTree = "<group>"; };
		78370AA9197A80010090741A /* Images.xcassets */ = {isa = PBXFileReference; lastKnownFileType = folder.assetcatalog; path = Images.xcassets; sourceTree = "<group>"; };
		78370AAF197A80010090741A /* BlustrickLevelsTests.xctest */ = {isa = PBXFileReference; explicitFileType = wrapper.cfbundle; includeInIndex = 0; path = BlustrickLevelsTests.xctest; sourceTree = BUILT_PRODUCTS_DIR; };
		78370AB0197A80010090741A /* XCTest.framework */ = {isa = PBXFileReference; lastKnownFileType = wrapper.framework; name = XCTest.framework; path = Library/Frameworks/XCTest.framework; sourceTree = DEVELOPER_DIR; };
		78370AB8197A80010090741A /* BlustrickLevelsTests-Info.plist */ = {isa = PBXFileReference; lastKnownFileType = text.plist.xml; path = "BlustrickLevelsTests-Info.plist"; sourceTree = "<group>"; };
		78370ABA197A80010090741A /* en */ = {isa = PBXFileReference; lastKnownFileType = text.plist.strings; name = en; path = en.lproj/InfoPlist.strings; sourceTree = "<group>"; };
		78370ABC197A80010090741A /* BlustrickLevelsTests.m */ = {isa = PBXFileReference; lastKnownFileType = sourcecode.c.objc; path = BlustrickLevelsTests.m; sourceTree = "<group>"; };
		78370AC6197A82750090741A /* broken_brick.png */ = {isa = PBXFileReference; lastKnownFileType = image.png; path = broken_brick.png; sourceTree = "<group>"; };
		78370AC7197A82750090741A /* broken_brick@2x.png */ = {isa = PBXFileReference; lastKnownFileType = image.png; path = "broken_brick@2x.png"; sourceTree = "<group>"; };
		78370AC8197A82750090741A /* metal_brick.png */ = {isa = PBXFileReference; lastKnownFileType = image.png; path = metal_brick.png; sourceTree = "<group>"; };
		78370AC9197A82750090741A /* metal_brick@2x.png */ = {isa = PBXFileReference; lastKnownFileType = image.png; path = "metal_brick@2x.png"; sourceTree = "<group>"; };
		78370ACA197A82750090741A /* glass_brick.png */ = {isa = PBXFileReference; lastKnownFileType = image.png; path = glass_brick.png; sourceTree = "<group>"; };
		78370ACB197A82750090741A /* glass_brick@2x.png */ = {isa = PBXFileReference; lastKnownFileType = image.png; path = "glass_brick@2x.png"; sourceTree = "<group>"; };
		78370ACC197A82750090741A /* bold_brick.png */ = {isa = PBXFileReference; lastKnownFileType = image.png; path = bold_brick.png; sourceTree = "<group>"; };
		78370ACD197A82750090741A /* bold_brick@2x.png */ = {isa = PBXFileReference; lastKnownFileType = image.png; path = "bold_brick@2x.png"; sourceTree = "<group>"; };
		78370ACE197A82750090741A /* normal_brick.png */ = {isa = PBXFileReference; lastKnownFileType = image.png; path = normal_brick.png; sourceTree = "<group>"; };
		78370ACF197A82750090741A /* normal_brick@2x.png */ = {isa = PBXFileReference; lastKnownFileType = image.png; path = "normal_brick@2x.png"; sourceTree = "<group>"; };
/* End PBXFileReference section */

/* Begin PBXFrameworksBuildPhase section */
		78370A8B197A80010090741A /* Frameworks */ = {
			isa = PBXFrameworksBuildPhase;
			buildActionMask = 2147483647;
			files = (
				78370A94197A80010090741A /* CoreGraphics.framework in Frameworks */,
				78370A96197A80010090741A /* UIKit.framework in Frameworks */,
				78370A92197A80010090741A /* Foundation.framework in Frameworks */,
			);
			runOnlyForDeploymentPostprocessing = 0;
		};
		78370AAC197A80010090741A /* Frameworks */ = {
			isa = PBXFrameworksBuildPhase;
			buildActionMask = 2147483647;
			files = (
				78370AB1197A80010090741A /* XCTest.framework in Frameworks */,
				78370AB3197A80010090741A /* UIKit.framework in Frameworks */,
				78370AB2197A80010090741A /* Foundation.framework in Frameworks */,
			);
			runOnlyForDeploymentPostprocessing = 0;
		};
/* End PBXFrameworksBuildPhase section */

/* Begin PBXGroup section */
		78370A85197A80010090741A = {
			isa = PBXGroup;
			children = (
				78370A97197A80010090741A /* BlustrickLevels */,
				78370AB6197A80010090741A /* BlustrickLevelsTests */,
				78370A90197A80010090741A /* Frameworks */,
				78370A8F197A80010090741A /* Products */,
			);
			sourceTree = "<group>";
		};
		78370A8F197A80010090741A /* Products */ = {
			isa = PBXGroup;
			children = (
				78370A8E197A80010090741A /* BlustrickLevels.app */,
				78370AAF197A80010090741A /* BlustrickLevelsTests.xctest */,
			);
			name = Products;
			sourceTree = "<group>";
		};
		78370A90197A80010090741A /* Frameworks */ = {
			isa = PBXGroup;
			children = (
				78370A91197A80010090741A /* Foundation.framework */,
				78370A93197A80010090741A /* CoreGraphics.framework */,
				78370A95197A80010090741A /* UIKit.framework */,
				78370AB0197A80010090741A /* XCTest.framework */,
			);
			name = Frameworks;
			sourceTree = "<group>";
		};
		78370A97197A80010090741A /* BlustrickLevels */ = {
			isa = PBXGroup;
			children = (
				78370AA0197A80010090741A /* AppDelegate.h */,
				78370AA1197A80010090741A /* AppDelegate.m */,
				78370AA3197A80010090741A /* Main.storyboard */,
				78370AA6197A80010090741A /* ViewController.h */,
				78370AA7197A80010090741A /* ViewController.m */,
				78370AA9197A80010090741A /* Images.xcassets */,
				78370A98197A80010090741A /* Supporting Files */,
			);
			path = BlustrickLevels;
			sourceTree = "<group>";
		};
		78370A98197A80010090741A /* Supporting Files */ = {
			isa = PBXGroup;
			children = (
				78370A99197A80010090741A /* BlustrickLevels-Info.plist */,
				78370AC6197A82750090741A /* broken_brick.png */,
				78370AC7197A82750090741A /* broken_brick@2x.png */,
				78370AC8197A82750090741A /* metal_brick.png */,
				78370AC9197A82750090741A /* metal_brick@2x.png */,
				78370ACA197A82750090741A /* glass_brick.png */,
				78370ACB197A82750090741A /* glass_brick@2x.png */,
				78370ACC197A82750090741A /* bold_brick.png */,
				78370ACD197A82750090741A /* bold_brick@2x.png */,
				78370ACE197A82750090741A /* normal_brick.png */,
				78370ACF197A82750090741A /* normal_brick@2x.png */,
				78370A9A197A80010090741A /* InfoPlist.strings */,
				78370A9D197A80010090741A /* main.m */,
				78370A9F197A80010090741A /* BlustrickLevels-Prefix.pch */,
			);
			name = "Supporting Files";
			sourceTree = "<group>";
		};
		78370AB6197A80010090741A /* BlustrickLevelsTests */ = {
			isa = PBXGroup;
			children = (
				78370ABC197A80010090741A /* BlustrickLevelsTests.m */,
				78370AB7197A80010090741A /* Supporting Files */,
			);
			path = BlustrickLevelsTests;
			sourceTree = "<group>";
		};
		78370AB7197A80010090741A /* Supporting Files */ = {
			isa = PBXGroup;
			children = (
				78370AB8197A80010090741A /* BlustrickLevelsTests-Info.plist */,
				78370AB9197A80010090741A /* InfoPlist.strings */,
			);
			name = "Supporting Files";
			sourceTree = "<group>";
		};
/* End PBXGroup section */

/* Begin PBXNativeTarget section */
		78370A8D197A80010090741A /* BlustrickLevels */ = {
			isa = PBXNativeTarget;
			buildConfigurationList = 78370AC0197A80010090741A /* Build configuration list for PBXNativeTarget "BlustrickLevels" */;
			buildPhases = (
				78370A8A197A80010090741A /* Sources */,
				78370A8B197A80010090741A /* Frameworks */,
				78370A8C197A80010090741A /* Resources */,
			);
			buildRules = (
			);
			dependencies = (
			);
			name = BlustrickLevels;
			productName = BlustrickLevels;
			productReference = 78370A8E197A80010090741A /* BlustrickLevels.app */;
			productType = "com.apple.product-type.application";
		};
		78370AAE197A80010090741A /* BlustrickLevelsTests */ = {
			isa = PBXNativeTarget;
			buildConfigurationList = 78370AC3197A80010090741A /* Build configuration list for PBXNativeTarget "BlustrickLevelsTests" */;
			buildPhases = (
				78370AAB197A80010090741A /* Sources */,
				78370AAC197A80010090741A /* Frameworks */,
				78370AAD197A80010090741A /* Resources */,
			);
			buildRules = (
			);
			dependencies = (
				78370AB5197A80010090741A /* PBXTargetDependency */,
			);
			name = BlustrickLevelsTests;
			productName = BlustrickLevelsTests;
			productReference = 78370AAF197A80010090741A /* BlustrickLevelsTests.xctest */;
			productType = "com.apple.product-type.bundle.unit-test";
		};
/* End PBXNativeTarget section */

/* Begin PBXProject section */
		78370A86197A80010090741A /* Project object */ = {
			isa = PBXProject;
			attributes = {
				LastUpgradeCheck = 0510;
				ORGANIZATIONNAME = "Zois Avgerinos";
				TargetAttributes = {
					78370A8D197A80010090741A = {
						DevelopmentTeam = 556T43QL5L;
					};
					78370AAE197A80010090741A = {
						TestTargetID = 78370A8D197A80010090741A;
					};
				};
			};
			buildConfigurationList = 78370A89197A80010090741A /* Build configuration list for PBXProject "BlustrickLevels" */;
			compatibilityVersion = "Xcode 3.2";
			developmentRegion = English;
			hasScannedForEncodings = 0;
			knownRegions = (
				en,
				Base,
			);
			mainGroup = 78370A85197A80010090741A;
			productRefGroup = 78370A8F197A80010090741A /* Products */;
			projectDirPath = "";
			projectRoot = "";
			targets = (
				78370A8D197A80010090741A /* BlustrickLevels */,
				78370AAE197A80010090741A /* BlustrickLevelsTests */,
			);
		};
/* End PBXProject section */

/* Begin PBXResourcesBuildPhase section */
		78370A8C197A80010090741A /* Resources */ = {
			isa = PBXResourcesBuildPhase;
			buildActionMask = 2147483647;
			files = (
				78370AD6197A82750090741A /* bold_brick.png in Resources */,
				78370AAA197A80010090741A /* Images.xcassets in Resources */,
				78370AD2197A82750090741A /* metal_brick.png in Resources */,
				78370AD3197A82750090741A /* metal_brick@2x.png in Resources */,
				78370AD5197A82750090741A /* glass_brick@2x.png in Resources */,
				78370AD7197A82750090741A /* bold_brick@2x.png in Resources */,
				78370A9C197A80010090741A /* InfoPlist.strings in Resources */,
				78370AD0197A82750090741A /* broken_brick.png in Resources */,
				78370AD9197A82750090741A /* normal_brick@2x.png in Resources */,
				78370AD1197A82750090741A /* broken_brick@2x.png in Resources */,
				78370AD4197A82750090741A /* glass_brick.png in Resources */,
				78370AD8197A82750090741A /* normal_brick.png in Resources */,
				78370AA5197A80010090741A /* Main.storyboard in Resources */,
			);
			runOnlyForDeploymentPostprocessing = 0;
		};
		78370AAD197A80010090741A /* Resources */ = {
			isa = PBXResourcesBuildPhase;
			buildActionMask = 2147483647;
			files = (
				78370ABB197A80010090741A /* InfoPlist.strings in Resources */,
			);
			runOnlyForDeploymentPostprocessing = 0;
		};
/* End PBXResourcesBuildPhase section */

/* Begin PBXSourcesBuildPhase section */
		78370A8A197A80010090741A /* Sources */ = {
			isa = PBXSourcesBuildPhase;
			buildActionMask = 2147483647;
			files = (
				78370AA8197A80010090741A /* ViewController.m in Sources */,
				78370AA2197A80010090741A /* AppDelegate.m in Sources */,
				78370A9E197A80010090741A /* main.m in Sources */,
			);
			runOnlyForDeploymentPostprocessing = 0;
		};
		78370AAB197A80010090741A /* Sources */ = {
			isa = PBXSourcesBuildPhase;
			buildActionMask = 2147483647;
			files = (
				78370ABD197A80010090741A /* BlustrickLevelsTests.m in Sources */,
			);
			runOnlyForDeploymentPostprocessing = 0;
		};
/* End PBXSourcesBuildPhase section */

/* Begin PBXTargetDependency section */
		78370AB5197A80010090741A /* PBXTargetDependency */ = {
			isa = PBXTargetDependency;
			target = 78370A8D197A80010090741A /* BlustrickLevels */;
			targetProxy = 78370AB4197A80010090741A /* PBXContainerItemProxy */;
		};
/* End PBXTargetDependency section */

/* Begin PBXVariantGroup section */
		78370A9A197A80010090741A /* InfoPlist.strings */ = {
			isa = PBXVariantGroup;
			children = (
				78370A9B197A80010090741A /* en */,
			);
			name = InfoPlist.strings;
			sourceTree = "<group>";
		};
		78370AA3197A80010090741A /* Main.storyboard */ = {
			isa = PBXVariantGroup;
			children = (
				78370AA4197A80010090741A /* Base */,
			);
			name = Main.storyboard;
			sourceTree = "<group>";
		};
		78370AB9197A80010090741A /* InfoPlist.strings */ = {
			isa = PBXVariantGroup;
			children = (
				78370ABA197A80010090741A /* en */,
			);
			name = InfoPlist.strings;
			sourceTree = "<group>";
		};
/* End PBXVariantGroup section */

/* Begin XCBuildConfiguration section */
		78370ABE197A80010090741A /* Debug */ = {
			isa = XCBuildConfiguration;
			buildSettings = {
				ALWAYS_SEARCH_USER_PATHS = NO;
				CLANG_CXX_LANGUAGE_STANDARD = "gnu++0x";
				CLANG_CXX_LIBRARY = "libc++";
				CLANG_ENABLE_MODULES = YES;
				CLANG_ENABLE_OBJC_ARC = YES;
				CLANG_WARN_BOOL_CONVERSION = YES;
				CLANG_WARN_CONSTANT_CONVERSION = YES;
				CLANG_WARN_DIRECT_OBJC_ISA_USAGE = YES_ERROR;
				CLANG_WARN_EMPTY_BODY = YES;
				CLANG_WARN_ENUM_CONVERSION = YES;
				CLANG_WARN_INT_CONVERSION = YES;
				CLANG_WARN_OBJC_ROOT_CLASS = YES_ERROR;
				CLANG_WARN__DUPLICATE_METHOD_MATCH = YES;
				"CODE_SIGN_IDENTITY[sdk=iphoneos*]" = "iPhone Developer";
				COPY_PHASE_STRIP = NO;
				GCC_C_LANGUAGE_STANDARD = gnu99;
				GCC_DYNAMIC_NO_PIC = NO;
				GCC_OPTIMIZATION_LEVEL = 0;
				GCC_PREPROCESSOR_DEFINITIONS = (
					"DEBUG=1",
					"$(inherited)",
				);
				GCC_SYMBOLS_PRIVATE_EXTERN = NO;
				GCC_WARN_64_TO_32_BIT_CONVERSION = YES;
				GCC_WARN_ABOUT_RETURN_TYPE = YES_ERROR;
				GCC_WARN_UNDECLARED_SELECTOR = YES;
				GCC_WARN_UNINITIALIZED_AUTOS = YES_AGGRESSIVE;
				GCC_WARN_UNUSED_FUNCTION = YES;
				GCC_WARN_UNUSED_VARIABLE = YES;
				IPHONEOS_DEPLOYMENT_TARGET = 7.1;
				ONLY_ACTIVE_ARCH = YES;
				SDKROOT = iphoneos;
			};
			name = Debug;
		};
		78370ABF197A80010090741A /* Release */ = {
			isa = XCBuildConfiguration;
			buildSettings = {
				ALWAYS_SEARCH_USER_PATHS = NO;
				CLANG_CXX_LANGUAGE_STANDARD = "gnu++0x";
				CLANG_CXX_LIBRARY = "libc++";
				CLANG_ENABLE_MODULES = YES;
				CLANG_ENABLE_OBJC_ARC = YES;
				CLANG_WARN_BOOL_CONVERSION = YES;
				CLANG_WARN_CONSTANT_CONVERSION = YES;
				CLANG_WARN_DIRECT_OBJC_ISA_USAGE = YES_ERROR;
				CLANG_WARN_EMPTY_BODY = YES;
				CLANG_WARN_ENUM_CONVERSION = YES;
				CLANG_WARN_INT_CONVERSION = YES;
				CLANG_WARN_OBJC_ROOT_CLASS = YES_ERROR;
				CLANG_WARN__DUPLICATE_METHOD_MATCH = YES;
				"CODE_SIGN_IDENTITY[sdk=iphoneos*]" = "iPhone Developer";
				COPY_PHASE_STRIP = YES;
				ENABLE_NS_ASSERTIONS = NO;
				GCC_C_LANGUAGE_STANDARD = gnu99;
				GCC_WARN_64_TO_32_BIT_CONVERSION = YES;
				GCC_WARN_ABOUT_RETURN_TYPE = YES_ERROR;
				GCC_WARN_UNDECLARED_SELECTOR = YES;
				GCC_WARN_UNINITIALIZED_AUTOS = YES_AGGRESSIVE;
				GCC_WARN_UNUSED_FUNCTION = YES;
				GCC_WARN_UNUSED_VARIABLE = YES;
				IPHONEOS_DEPLOYMENT_TARGET = 7.1;
				SDKROOT = iphoneos;
				VALIDATE_PRODUCT = YES;
			};
			name = Release;
		};
		78370AC1197A80010090741A /* Debug */ = {
			isa = XCBuildConfiguration;
			buildSettings = {
				ASSETCATALOG_COMPILER_APPICON_NAME = AppIcon;
				ASSETCATALOG_COMPILER_LAUNCHIMAGE_NAME = LaunchImage;
				CODE_SIGN_IDENTITY = "iPhone Developer";
				GCC_PRECOMPILE_PREFIX_HEADER = YES;
				GCC_PREFIX_HEADER = "BlustrickLevels/BlustrickLevels-Prefix.pch";
				INFOPLIST_FILE = "BlustrickLevels/BlustrickLevels-Info.plist";
				IPHONEOS_DEPLOYMENT_TARGET = 7.0;
				PRODUCT_NAME = "$(TARGET_NAME)";
				WRAPPER_EXTENSION = app;
			};
			name = Debug;
		};
		78370AC2197A80010090741A /* Release */ = {
			isa = XCBuildConfiguration;
			buildSettings = {
				ASSETCATALOG_COMPILER_APPICON_NAME = AppIcon;
				ASSETCATALOG_COMPILER_LAUNCHIMAGE_NAME = LaunchImage;
				CODE_SIGN_IDENTITY = "iPhone Developer";
				GCC_PRECOMPILE_PREFIX_HEADER = YES;
				GCC_PREFIX_HEADER = "BlustrickLevels/BlustrickLevels-Prefix.pch";
				INFOPLIST_FILE = "BlustrickLevels/BlustrickLevels-Info.plist";
				IPHONEOS_DEPLOYMENT_TARGET = 7.0;
				PRODUCT_NAME = "$(TARGET_NAME)";
				WRAPPER_EXTENSION = app;
			};
			name = Release;
		};
		78370AC4197A80010090741A /* Debug */ = {
			isa = XCBuildConfiguration;
			buildSettings = {
				BUNDLE_LOADER = "$(BUILT_PRODUCTS_DIR)/BlustrickLevels.app/BlustrickLevels";
				FRAMEWORK_SEARCH_PATHS = (
					"$(SDKROOT)/Developer/Library/Frameworks",
					"$(inherited)",
					"$(DEVELOPER_FRAMEWORKS_DIR)",
				);
				GCC_PRECOMPILE_PREFIX_HEADER = YES;
				GCC_PREFIX_HEADER = "BlustrickLevels/BlustrickLevels-Prefix.pch";
				GCC_PREPROCESSOR_DEFINITIONS = (
					"DEBUG=1",
					"$(inherited)",
				);
				INFOPLIST_FILE = "BlustrickLevelsTests/BlustrickLevelsTests-Info.plist";
				PRODUCT_NAME = "$(TARGET_NAME)";
				TEST_HOST = "$(BUNDLE_LOADER)";
				WRAPPER_EXTENSION = xctest;
			};
			name = Debug;
		};
		78370AC5197A80010090741A /* Release */ = {
			isa = XCBuildConfiguration;
			buildSettings = {
				BUNDLE_LOADER = "$(BUILT_PRODUCTS_DIR)/BlustrickLevels.app/BlustrickLevels";
				FRAMEWORK_SEARCH_PATHS = (
					"$(SDKROOT)/Developer/Library/Frameworks",
					"$(inherited)",
					"$(DEVELOPER_FRAMEWORKS_DIR)",
				);
				GCC_PRECOMPILE_PREFIX_HEADER = YES;
				GCC_PREFIX_HEADER = "BlustrickLevels/BlustrickLevels-Prefix.pch";
				INFOPLIST_FILE = "BlustrickLevelsTests/BlustrickLevelsTests-Info.plist";
				PRODUCT_NAME = "$(TARGET_NAME)";
				TEST_HOST = "$(BUNDLE_LOADER)";
				WRAPPER_EXTENSION = xctest;
			};
			name = Release;
		};
/* End XCBuildConfiguration section */

/* Begin XCConfigurationList section */
		78370A89197A80010090741A /* Build configuration list for PBXProject "BlustrickLevels" */ = {
			isa = XCConfigurationList;
			buildConfigurations = (
				78370ABE197A80010090741A /* Debug */,
				78370ABF197A80010090741A /* Release */,
			);
			defaultConfigurationIsVisible = 0;
			defaultConfigurationName = Release;
		};
		78370AC0197A80010090741A /* Build configuration list for PBXNativeTarget "BlustrickLevels" */ = {
			isa = XCConfigurationList;
			buildConfigurations = (
				78370AC1197A80010090741A /* Debug */,
				78370AC2197A80010090741A /* Release */,
			);
			defaultConfigurationIsVisible = 0;
			defaultConfigurationName = Release;
		};
		78370AC3197A80010090741A /* Build configuration list for PBXNativeTarget "BlustrickLevelsTests" */ = {
			isa = XCConfigurationList;
			buildConfigurations = (
				78370AC4197A80010090741A /* Debug */,
				78370AC5197A80010090741A /* Release */,
			);
			defaultConfigurationIsVisible = 0;
			defaultConfigurationName = Release;
		};
/* End XCConfigurationList section */
	};
	rootObject = 78370A86197A80010090741A /* Project object */;
}
